
Microsoft Visual Studio Solution File, Format Version 12.00
# Visual Studio Version 17
VisualStudioVersion = 17.8.34525.116
MinimumVisualStudioVersion = 10.0.40219.1
Project("{FAE04EC0-301F-11D3-BF4B-00C04F79EFBC}") = "Project", "Project.csproj", "{B4919417-BF3D-4D30-B2E4-172D06AFF96C}"
EndProject
Global
	GlobalSection(SolutionConfigurationPlatforms) = preSolution
		Debug|Any CPU = Debug|Any CPU
		Release|Any CPU = Release|Any CPU
	EndGlobalSection
	GlobalSection(ProjectConfigurationPlatforms) = postSolution
		{B4919417-BF3D-4D30-B2E4-172D06AFF96C}.Debug|Any CPU.ActiveCfg = Debug|Any CPU
		{B4919417-BF3D-4D30-B2E4-172D06AFF96C}.Debug|Any CPU.Build.0 = Debug|Any CPU
		{B4919417-BF3D-4D30-B2E4-172D06AFF96C}.Release|Any CPU.ActiveCfg = Release|Any CPU
		{B4919417-BF3D-4D30-B2E4-172D06AFF96C}.Release|Any CPU.Build.0 = Release|Any CPU
	EndGlobalSection
	GlobalSection(SolutionProperties) = preSolution
		HideSolutionNode = FALSE
	EndGlobalSection
	GlobalSection(ExtensibilityGlobals) = postSolution
		SolutionGuid = {FCB66142-400F-45F4-8478-1A977E85583F}
	EndGlobalSection
EndGlobal
